
Microsoft Visual Studio Solution File, Format Version 12.00
# Visual Studio Version 17
VisualStudioVersion = 17.1.32127.271
MinimumVisualStudioVersion = 10.0.40219.1
Project("{FAE04EC0-301F-11D3-BF4B-00C04F79EFBC}") = "Supla", "Supla.csproj", "{C6C6E8B0-8332-4E8A-988E-9799643EABBF}"
EndProject
Global
	GlobalSection(SolutionConfigurationPlatforms) = preSolution
		Debug|Any CPU = Debug|Any CPU
		Release|Any CPU = Release|Any CPU
	EndGlobalSection
	GlobalSection(ProjectConfigurationPlatforms) = postSolution
		{C6C6E8B0-8332-4E8A-988E-9799643EABBF}.Debug|Any CPU.ActiveCfg = Debug|Any CPU
		{C6C6E8B0-8332-4E8A-988E-9799643EABBF}.Debug|Any CPU.Build.0 = Debug|Any CPU
		{C6C6E8B0-8332-4E8A-988E-9799643EABBF}.Release|Any CPU.ActiveCfg = Release|Any CPU
		{C6C6E8B0-8332-4E8A-988E-9799643EABBF}.Release|Any CPU.Build.0 = Release|Any CPU
	EndGlobalSection
	GlobalSection(SolutionProperties) = preSolution
		HideSolutionNode = FALSE
	EndGlobalSection
	GlobalSection(ExtensibilityGlobals) = postSolution
		SolutionGuid = {74F862CA-2D5F-4CCA-AAAE-CF06305A03DB}
	EndGlobalSection
EndGlobal
